
Microsoft Visual Studio Solution File, Format Version 12.00
# Visual Studio 2012
Project("{FAE04EC0-301F-11D3-BF4B-00C04F79EFBC}") = "user authentication", "user authentication\user authentication.csproj", "{DFAA91A0-62D7-4D59-9DF2-60898A0BDB69}"
EndProject
Global
	GlobalSection(SolutionConfigurationPlatforms) = preSolution
		Debug|Any CPU = Debug|Any CPU
		Release|Any CPU = Release|Any CPU
	EndGlobalSection
	GlobalSection(ProjectConfigurationPlatforms) = postSolution
		{DFAA91A0-62D7-4D59-9DF2-60898A0BDB69}.Debug|Any CPU.ActiveCfg = Debug|Any CPU
		{DFAA91A0-62D7-4D59-9DF2-60898A0BDB69}.Debug|Any CPU.Build.0 = Debug|Any CPU
		{DFAA91A0-62D7-4D59-9DF2-60898A0BDB69}.Release|Any CPU.ActiveCfg = Release|Any CPU
		{DFAA91A0-62D7-4D59-9DF2-60898A0BDB69}.Release|Any CPU.Build.0 = Release|Any CPU
	EndGlobalSection
	GlobalSection(SolutionProperties) = preSolution
		HideSolutionNode = FALSE
	EndGlobalSection
EndGlobal
